
Microsoft Visual Studio Solution File, Format Version 12.00
# Visual Studio Version 17
VisualStudioVersion = 17.0.31903.59
MinimumVisualStudioVersion = 10.0.40219.1
Project("{9A19103F-16F7-4668-BE54-9A1E7A4F7556}") = "BlazorWorkshop.Server", "BlazorWorkshop\Server\BlazorWorkshop.Server.csproj", "{B47DFB45-0B70-4BC6-A3E1-167C0DF1DA3B}"
EndProject
Project("{9A19103F-16F7-4668-BE54-9A1E7A4F7556}") = "BlazorWorkshop.Client", "BlazorWorkshop\Client\BlazorWorkshop.Client.csproj", "{1FEC8E3E-9A8D-461D-94C5-5B94644F2B3E}"
EndProject
Project("{9A19103F-16F7-4668-BE54-9A1E7A4F7556}") = "BlazorWorkshop.Shared", "BlazorWorkshop\Shared\BlazorWorkshop.Shared.csproj", "{00B42F12-05E6-4735-9BEB-E1EAF70AD832}"
EndProject
Project("{9A19103F-16F7-4668-BE54-9A1E7A4F7556}") = "BlazorWorkshop.Data", "BlazorWorkshop.Data\BlazorWorkshop.Data.csproj", "{18705910-73FF-4580-9E82-E2B983C79B5C}"
EndProject
Global
	GlobalSection(SolutionConfigurationPlatforms) = preSolution
		Debug|Any CPU = Debug|Any CPU
		Release|Any CPU = Release|Any CPU
	EndGlobalSection
	GlobalSection(ProjectConfigurationPlatforms) = postSolution
		{B47DFB45-0B70-4BC6-A3E1-167C0DF1DA3B}.Debug|Any CPU.ActiveCfg = Debug|Any CPU
		{B47DFB45-0B70-4BC6-A3E1-167C0DF1DA3B}.Debug|Any CPU.Build.0 = Debug|Any CPU
		{B47DFB45-0B70-4BC6-A3E1-167C0DF1DA3B}.Release|Any CPU.ActiveCfg = Release|Any CPU
		{B47DFB45-0B70-4BC6-A3E1-167C0DF1DA3B}.Release|Any CPU.Build.0 = Release|Any CPU
		{1FEC8E3E-9A8D-461D-94C5-5B94644F2B3E}.Debug|Any CPU.ActiveCfg = Debug|Any CPU
		{1FEC8E3E-9A8D-461D-94C5-5B94644F2B3E}.Debug|Any CPU.Build.0 = Debug|Any CPU
		{1FEC8E3E-9A8D-461D-94C5-5B94644F2B3E}.Release|Any CPU.ActiveCfg = Release|Any CPU
		{1FEC8E3E-9A8D-461D-94C5-5B94644F2B3E}.Release|Any CPU.Build.0 = Release|Any CPU
		{00B42F12-05E6-4735-9BEB-E1EAF70AD832}.Debug|Any CPU.ActiveCfg = Debug|Any CPU
		{00B42F12-05E6-4735-9BEB-E1EAF70AD832}.Debug|Any CPU.Build.0 = Debug|Any CPU
		{00B42F12-05E6-4735-9BEB-E1EAF70AD832}.Release|Any CPU.ActiveCfg = Release|Any CPU
		{00B42F12-05E6-4735-9BEB-E1EAF70AD832}.Release|Any CPU.Build.0 = Release|Any CPU
		{18705910-73FF-4580-9E82-E2B983C79B5C}.Debug|Any CPU.ActiveCfg = Debug|Any CPU
		{18705910-73FF-4580-9E82-E2B983C79B5C}.Debug|Any CPU.Build.0 = Debug|Any CPU
		{18705910-73FF-4580-9E82-E2B983C79B5C}.Release|Any CPU.ActiveCfg = Release|Any CPU
		{18705910-73FF-4580-9E82-E2B983C79B5C}.Release|Any CPU.Build.0 = Release|Any CPU
	EndGlobalSection
	GlobalSection(SolutionProperties) = preSolution
		HideSolutionNode = FALSE
	EndGlobalSection
	GlobalSection(ExtensibilityGlobals) = postSolution
		SolutionGuid = {B38C4597-ACBA-4EEC-87A9-BE36C86A00AE}
	EndGlobalSection
EndGlobal
